// !$*UTF8*$!
{
	archiveVersion = 1;
	classes = {
	};
	objectVersion = 50;
	objects = {

/* Begin PBXBuildFile section */
		54C538A6F57C7B114C5B0A16 /* Pods_HW_Malikov.framework in Frameworks */ = {isa = PBXBuildFile; fileRef = 3B6FFBA47BE9169635A7C33E /* Pods_HW_Malikov.framework */; };
		55126FB023049597000B2C68 /* User.swift in Sources */ = {isa = PBXBuildFile; fileRef = 55126FAF23049597000B2C68 /* User.swift */; };
		55126FB2230495CF000B2C68 /* Group.swift in Sources */ = {isa = PBXBuildFile; fileRef = 55126FB1230495CF000B2C68 /* Group.swift */; };
		551D2AFD23204AA600A23BE6 /* FriendsCollectionVC+ UICollectionViewDelegateFlowLayout.swift in Sources */ = {isa = PBXBuildFile; fileRef = 551D2AFC23204AA600A23BE6 /* FriendsCollectionVC+ UICollectionViewDelegateFlowLayout.swift */; };
		551D2B2B23257E8B00A23BE6 /* CustomPushAnimator.swift in Sources */ = {isa = PBXBuildFile; fileRef = 551D2B2A23257E8B00A23BE6 /* CustomPushAnimator.swift */; };
		551D2B2D23257F3F00A23BE6 /* CustomPopAnimator.swift in Sources */ = {isa = PBXBuildFile; fileRef = 551D2B2C23257F3F00A23BE6 /* CustomPopAnimator.swift */; };
		551D2B302325800900A23BE6 /* CustomNavigationController.swift in Sources */ = {isa = PBXBuildFile; fileRef = 551D2B2F2325800900A23BE6 /* CustomNavigationController.swift */; };
		55448B8A2332B053004D995D /* VKLoginViewController.swift in Sources */ = {isa = PBXBuildFile; fileRef = 55448B892332B053004D995D /* VKLoginViewController.swift */; };
		55448B8E2332C9CE004D995D /* VKNetService.swift in Sources */ = {isa = PBXBuildFile; fileRef = 55448B8D2332C9CE004D995D /* VKNetService.swift */; };
		55448B902336A2BE004D995D /* User2.swift in Sources */ = {isa = PBXBuildFile; fileRef = 55448B8F2336A2BE004D995D /* User2.swift */; };
		55545113232EB8A80058A382 /* Session.swift in Sources */ = {isa = PBXBuildFile; fileRef = 55545112232EB8A80058A382 /* Session.swift */; };
		55545115232EC8D80058A382 /* HeartControl.swift in Sources */ = {isa = PBXBuildFile; fileRef = 55545114232EC8D80058A382 /* HeartControl.swift */; };
		55AC1C6D22F7126F00E7F0F4 /* AppDelegate.swift in Sources */ = {isa = PBXBuildFile; fileRef = 55AC1C6C22F7126F00E7F0F4 /* AppDelegate.swift */; };
		55AC1C7222F7126F00E7F0F4 /* Main.storyboard in Resources */ = {isa = PBXBuildFile; fileRef = 55AC1C7022F7126F00E7F0F4 /* Main.storyboard */; };
		55AC1C7422F7127000E7F0F4 /* Assets.xcassets in Resources */ = {isa = PBXBuildFile; fileRef = 55AC1C7322F7127000E7F0F4 /* Assets.xcassets */; };
		55AC1C7722F7127000E7F0F4 /* LaunchScreen.storyboard in Resources */ = {isa = PBXBuildFile; fileRef = 55AC1C7522F7127000E7F0F4 /* LaunchScreen.storyboard */; };
		55AC1C8122F7139700E7F0F4 /* LoginFormViewController.swift in Sources */ = {isa = PBXBuildFile; fileRef = 55AC1C8022F7139700E7F0F4 /* LoginFormViewController.swift */; };
		55CA04132312EA590020E61E /* NewsViewController.swift in Sources */ = {isa = PBXBuildFile; fileRef = 55CA04122312EA590020E61E /* NewsViewController.swift */; };
		55CA04162312EC920020E61E /* NewsCell.swift in Sources */ = {isa = PBXBuildFile; fileRef = 55CA04142312EC920020E61E /* NewsCell.swift */; };
		55CA04172312EC920020E61E /* NewsCell.xib in Resources */ = {isa = PBXBuildFile; fileRef = 55CA04152312EC920020E61E /* NewsCell.xib */; };
		55CA041A2312FD1C0020E61E /* News.swift in Sources */ = {isa = PBXBuildFile; fileRef = 55CA04192312FD1C0020E61E /* News.swift */; };
		55CA041C231305330020E61E /* UIViewController+UITableViewDataSource.swift in Sources */ = {isa = PBXBuildFile; fileRef = 55CA041B231305330020E61E /* UIViewController+UITableViewDataSource.swift */; };
		55D75717230489B2009597B9 /* FriendsCollectionVC.swift in Sources */ = {isa = PBXBuildFile; fileRef = 55D75716230489B2009597B9 /* FriendsCollectionVC.swift */; };
		55D7571923048A0B009597B9 /* FriendsCollectionViewCell.swift in Sources */ = {isa = PBXBuildFile; fileRef = 55D7571823048A0B009597B9 /* FriendsCollectionViewCell.swift */; };
		55D7571C23048E53009597B9 /* MyGroupsTableVC.swift in Sources */ = {isa = PBXBuildFile; fileRef = 55D7571B23048E53009597B9 /* MyGroupsTableVC.swift */; };
		55D7571E23048EAF009597B9 /* MyGroupsTableViewCell.swift in Sources */ = {isa = PBXBuildFile; fileRef = 55D7571D23048EAF009597B9 /* MyGroupsTableViewCell.swift */; };
		55D7572123049019009597B9 /* GroupsTableVC.swift in Sources */ = {isa = PBXBuildFile; fileRef = 55D7572023049019009597B9 /* GroupsTableVC.swift */; };
		55D757232304906F009597B9 /* GroupsTableViewCell.swift in Sources */ = {isa = PBXBuildFile; fileRef = 55D757222304906F009597B9 /* GroupsTableViewCell.swift */; };
		55D9499023034A5E0044B174 /* FriendsTableVC.swift in Sources */ = {isa = PBXBuildFile; fileRef = 55D9498F23034A5E0044B174 /* FriendsTableVC.swift */; };
		55D9499323034D780044B174 /* FriendsTableViewCell.swift in Sources */ = {isa = PBXBuildFile; fileRef = 55D9499223034D770044B174 /* FriendsTableViewCell.swift */; };
/* End PBXBuildFile section */

/* Begin PBXFileReference section */
		3B6FFBA47BE9169635A7C33E /* Pods_HW_Malikov.framework */ = {isa = PBXFileReference; explicitFileType = wrapper.framework; includeInIndex = 0; path = Pods_HW_Malikov.framework; sourceTree = BUILT_PRODUCTS_DIR; };
		55126FAF23049597000B2C68 /* User.swift */ = {isa = PBXFileReference; lastKnownFileType = sourcecode.swift; path = User.swift; sourceTree = "<group>"; };
		55126FB1230495CF000B2C68 /* Group.swift */ = {isa = PBXFileReference; lastKnownFileType = sourcecode.swift; path = Group.swift; sourceTree = "<group>"; };
		551D2AFC23204AA600A23BE6 /* FriendsCollectionVC+ UICollectionViewDelegateFlowLayout.swift */ = {isa = PBXFileReference; lastKnownFileType = sourcecode.swift; path = "FriendsCollectionVC+ UICollectionViewDelegateFlowLayout.swift"; sourceTree = "<group>"; };
		551D2B2A23257E8B00A23BE6 /* CustomPushAnimator.swift */ = {isa = PBXFileReference; lastKnownFileType = sourcecode.swift; path = CustomPushAnimator.swift; sourceTree = "<group>"; };
		551D2B2C23257F3F00A23BE6 /* CustomPopAnimator.swift */ = {isa = PBXFileReference; lastKnownFileType = sourcecode.swift; path = CustomPopAnimator.swift; sourceTree = "<group>"; };
		551D2B2F2325800900A23BE6 /* CustomNavigationController.swift */ = {isa = PBXFileReference; lastKnownFileType = sourcecode.swift; path = CustomNavigationController.swift; sourceTree = "<group>"; };
		55448B892332B053004D995D /* VKLoginViewController.swift */ = {isa = PBXFileReference; lastKnownFileType = sourcecode.swift; path = VKLoginViewController.swift; sourceTree = "<group>"; };
		55448B8D2332C9CE004D995D /* VKNetService.swift */ = {isa = PBXFileReference; lastKnownFileType = sourcecode.swift; name = VKNetService.swift; path = ../VKNetService.swift; sourceTree = "<group>"; };
		55448B8F2336A2BE004D995D /* User2.swift */ = {isa = PBXFileReference; lastKnownFileType = sourcecode.swift; path = User2.swift; sourceTree = "<group>"; };
		55545112232EB8A80058A382 /* Session.swift */ = {isa = PBXFileReference; lastKnownFileType = sourcecode.swift; path = Session.swift; sourceTree = "<group>"; };
		55545114232EC8D80058A382 /* HeartControl.swift */ = {isa = PBXFileReference; lastKnownFileType = sourcecode.swift; path = HeartControl.swift; sourceTree = "<group>"; };
		55AC1C6922F7126F00E7F0F4 /* HW Malikov.app */ = {isa = PBXFileReference; explicitFileType = wrapper.application; includeInIndex = 0; path = "HW Malikov.app"; sourceTree = BUILT_PRODUCTS_DIR; };
		55AC1C6C22F7126F00E7F0F4 /* AppDelegate.swift */ = {isa = PBXFileReference; lastKnownFileType = sourcecode.swift; path = AppDelegate.swift; sourceTree = "<group>"; };
		55AC1C7122F7126F00E7F0F4 /* Base */ = {isa = PBXFileReference; lastKnownFileType = file.storyboard; name = Base; path = Base.lproj/Main.storyboard; sourceTree = "<group>"; };
		55AC1C7322F7127000E7F0F4 /* Assets.xcassets */ = {isa = PBXFileReference; lastKnownFileType = folder.assetcatalog; path = Assets.xcassets; sourceTree = "<group>"; };
		55AC1C7622F7127000E7F0F4 /* Base */ = {isa = PBXFileReference; lastKnownFileType = file.storyboard; name = Base; path = Base.lproj/LaunchScreen.storyboard; sourceTree = "<group>"; };
		55AC1C7822F7127000E7F0F4 /* Info.plist */ = {isa = PBXFileReference; lastKnownFileType = text.plist.xml; path = Info.plist; sourceTree = "<group>"; };
		55AC1C8022F7139700E7F0F4 /* LoginFormViewController.swift */ = {isa = PBXFileReference; lastKnownFileType = sourcecode.swift; path = LoginFormViewController.swift; sourceTree = "<group>"; };
		55CA04122312EA590020E61E /* NewsViewController.swift */ = {isa = PBXFileReference; lastKnownFileType = sourcecode.swift; path = NewsViewController.swift; sourceTree = "<group>"; };
		55CA04142312EC920020E61E /* NewsCell.swift */ = {isa = PBXFileReference; lastKnownFileType = sourcecode.swift; path = NewsCell.swift; sourceTree = "<group>"; };
		55CA04152312EC920020E61E /* NewsCell.xib */ = {isa = PBXFileReference; lastKnownFileType = file.xib; path = NewsCell.xib; sourceTree = "<group>"; };
		55CA04192312FD1C0020E61E /* News.swift */ = {isa = PBXFileReference; lastKnownFileType = sourcecode.swift; path = News.swift; sourceTree = "<group>"; };
		55CA041B231305330020E61E /* UIViewController+UITableViewDataSource.swift */ = {isa = PBXFileReference; lastKnownFileType = sourcecode.swift; path = "UIViewController+UITableViewDataSource.swift"; sourceTree = "<group>"; };
		55D75716230489B2009597B9 /* FriendsCollectionVC.swift */ = {isa = PBXFileReference; lastKnownFileType = sourcecode.swift; path = FriendsCollectionVC.swift; sourceTree = "<group>"; };
		55D7571823048A0B009597B9 /* FriendsCollectionViewCell.swift */ = {isa = PBXFileReference; lastKnownFileType = sourcecode.swift; path = FriendsCollectionViewCell.swift; sourceTree = "<group>"; };
		55D7571B23048E53009597B9 /* MyGroupsTableVC.swift */ = {isa = PBXFileReference; lastKnownFileType = sourcecode.swift; path = MyGroupsTableVC.swift; sourceTree = "<group>"; };
		55D7571D23048EAF009597B9 /* MyGroupsTableViewCell.swift */ = {isa = PBXFileReference; lastKnownFileType = sourcecode.swift; path = MyGroupsTableViewCell.swift; sourceTree = "<group>"; };
		55D7572023049019009597B9 /* GroupsTableVC.swift */ = {isa = PBXFileReference; lastKnownFileType = sourcecode.swift; path = GroupsTableVC.swift; sourceTree = "<group>"; };
		55D757222304906F009597B9 /* GroupsTableViewCell.swift */ = {isa = PBXFileReference; lastKnownFileType = sourcecode.swift; path = GroupsTableViewCell.swift; sourceTree = "<group>"; };
		55D9498F23034A5E0044B174 /* FriendsTableVC.swift */ = {isa = PBXFileReference; lastKnownFileType = sourcecode.swift; path = FriendsTableVC.swift; sourceTree = "<group>"; };
		55D9499223034D770044B174 /* FriendsTableViewCell.swift */ = {isa = PBXFileReference; lastKnownFileType = sourcecode.swift; path = FriendsTableViewCell.swift; sourceTree = "<group>"; };
		62EB713948BA79E62783A276 /* Pods-HW Malikov.release.xcconfig */ = {isa = PBXFileReference; includeInIndex = 1; lastKnownFileType = text.xcconfig; name = "Pods-HW Malikov.release.xcconfig"; path = "Target Support Files/Pods-HW Malikov/Pods-HW Malikov.release.xcconfig"; sourceTree = "<group>"; };
		C1BD443DC3474D02FAB6196C /* Pods-HW Malikov.debug.xcconfig */ = {isa = PBXFileReference; includeInIndex = 1; lastKnownFileType = text.xcconfig; name = "Pods-HW Malikov.debug.xcconfig"; path = "Target Support Files/Pods-HW Malikov/Pods-HW Malikov.debug.xcconfig"; sourceTree = "<group>"; };
/* End PBXFileReference section */

/* Begin PBXFrameworksBuildPhase section */
		55AC1C6622F7126F00E7F0F4 /* Frameworks */ = {
			isa = PBXFrameworksBuildPhase;
			buildActionMask = 2147483647;
			files = (
				54C538A6F57C7B114C5B0A16 /* Pods_HW_Malikov.framework in Frameworks */,
			);
			runOnlyForDeploymentPostprocessing = 0;
		};
/* End PBXFrameworksBuildPhase section */

/* Begin PBXGroup section */
		55126FAD23049393000B2C68 /* Groups */ = {
			isa = PBXGroup;
			children = (
				55D7572023049019009597B9 /* GroupsTableVC.swift */,
				55D757222304906F009597B9 /* GroupsTableViewCell.swift */,
			);
			path = Groups;
			sourceTree = "<group>";
		};
		55126FAE23049548000B2C68 /* Model */ = {
			isa = PBXGroup;
			children = (
				55545112232EB8A80058A382 /* Session.swift */,
				55126FAF23049597000B2C68 /* User.swift */,
				55448B8F2336A2BE004D995D /* User2.swift */,
				55126FB1230495CF000B2C68 /* Group.swift */,
				55CA04192312FD1C0020E61E /* News.swift */,
			);
			path = Model;
			sourceTree = "<group>";
		};
		551D2B2E23257F4700A23BE6 /* Animators */ = {
			isa = PBXGroup;
			children = (
				551D2B2A23257E8B00A23BE6 /* CustomPushAnimator.swift */,
				551D2B2C23257F3F00A23BE6 /* CustomPopAnimator.swift */,
			);
			path = Animators;
			sourceTree = "<group>";
		};
		558969592337E20D002A05E3 /* NetWork */ = {
			isa = PBXGroup;
			children = (
				55448B8D2332C9CE004D995D /* VKNetService.swift */,
			);
			path = NetWork;
			sourceTree = "<group>";
		};
		55AC1C6022F7126F00E7F0F4 = {
			isa = PBXGroup;
			children = (
				55AC1C6B22F7126F00E7F0F4 /* HW Malikov */,
				55AC1C6A22F7126F00E7F0F4 /* Products */,
				CB87C146B2A0C65491E5885F /* Pods */,
				7AE2D5901FAF9CECB63A8827 /* Frameworks */,
			);
			sourceTree = "<group>";
		};
		55AC1C6A22F7126F00E7F0F4 /* Products */ = {
			isa = PBXGroup;
			children = (
				55AC1C6922F7126F00E7F0F4 /* HW Malikov.app */,
			);
			name = Products;
			sourceTree = "<group>";
		};
		55AC1C6B22F7126F00E7F0F4 /* HW Malikov */ = {
			isa = PBXGroup;
			children = (
				55AC1C6C22F7126F00E7F0F4 /* AppDelegate.swift */,
				558969592337E20D002A05E3 /* NetWork */,
				55D9499123034A7B0044B174 /* ViewControllers */,
				55AC1C7022F7126F00E7F0F4 /* Main.storyboard */,
				55126FAE23049548000B2C68 /* Model */,
				551D2B2E23257F4700A23BE6 /* Animators */,
				55AC1C7322F7127000E7F0F4 /* Assets.xcassets */,
				55AC1C7522F7127000E7F0F4 /* LaunchScreen.storyboard */,
				55AC1C7822F7127000E7F0F4 /* Info.plist */,
			);
			path = "HW Malikov";
			sourceTree = "<group>";
		};
		55CA04182312ECA30020E61E /* News */ = {
			isa = PBXGroup;
			children = (
				55CA04122312EA590020E61E /* NewsViewController.swift */,
				55CA041B231305330020E61E /* UIViewController+UITableViewDataSource.swift */,
				55CA04142312EC920020E61E /* NewsCell.swift */,
				55CA04152312EC920020E61E /* NewsCell.xib */,
				55545114232EC8D80058A382 /* HeartControl.swift */,
			);
			path = News;
			sourceTree = "<group>";
		};
		55D7571523048458009597B9 /* FriendsTable */ = {
			isa = PBXGroup;
			children = (
				55D9498F23034A5E0044B174 /* FriendsTableVC.swift */,
				55D9499223034D770044B174 /* FriendsTableViewCell.swift */,
			);
			path = FriendsTable;
			sourceTree = "<group>";
		};
		55D7571A23048A19009597B9 /* FriendsCollection */ = {
			isa = PBXGroup;
			children = (
				55D75716230489B2009597B9 /* FriendsCollectionVC.swift */,
				551D2AFC23204AA600A23BE6 /* FriendsCollectionVC+ UICollectionViewDelegateFlowLayout.swift */,
				55D7571823048A0B009597B9 /* FriendsCollectionViewCell.swift */,
			);
			path = FriendsCollection;
			sourceTree = "<group>";
		};
		55D7571F23048ED1009597B9 /* MyGroups */ = {
			isa = PBXGroup;
			children = (
				55D7571B23048E53009597B9 /* MyGroupsTableVC.swift */,
				55D7571D23048EAF009597B9 /* MyGroupsTableViewCell.swift */,
			);
			path = MyGroups;
			sourceTree = "<group>";
		};
		55D9499123034A7B0044B174 /* ViewControllers */ = {
			isa = PBXGroup;
			children = (
				55AC1C8022F7139700E7F0F4 /* LoginFormViewController.swift */,
				55448B892332B053004D995D /* VKLoginViewController.swift */,
				551D2B2F2325800900A23BE6 /* CustomNavigationController.swift */,
				55D7571523048458009597B9 /* FriendsTable */,
				55D7571A23048A19009597B9 /* FriendsCollection */,
				55D7571F23048ED1009597B9 /* MyGroups */,
				55126FAD23049393000B2C68 /* Groups */,
				55CA04182312ECA30020E61E /* News */,
			);
			path = ViewControllers;
			sourceTree = "<group>";
		};
		7AE2D5901FAF9CECB63A8827 /* Frameworks */ = {
			isa = PBXGroup;
			children = (
				3B6FFBA47BE9169635A7C33E /* Pods_HW_Malikov.framework */,
			);
			name = Frameworks;
			sourceTree = "<group>";
		};
		CB87C146B2A0C65491E5885F /* Pods */ = {
			isa = PBXGroup;
			children = (
				C1BD443DC3474D02FAB6196C /* Pods-HW Malikov.debug.xcconfig */,
				62EB713948BA79E62783A276 /* Pods-HW Malikov.release.xcconfig */,
			);
			name = Pods;
			path = Pods;
			sourceTree = "<group>";
		};
/* End PBXGroup section */

/* Begin PBXNativeTarget section */
		55AC1C6822F7126F00E7F0F4 /* HW Malikov */ = {
			isa = PBXNativeTarget;
			buildConfigurationList = 55AC1C7B22F7127000E7F0F4 /* Build configuration list for PBXNativeTarget "HW Malikov" */;
			buildPhases = (
				A56C1A76E84166B9576BAD2F /* [CP] Check Pods Manifest.lock */,
				55AC1C6522F7126F00E7F0F4 /* Sources */,
				55AC1C6622F7126F00E7F0F4 /* Frameworks */,
				55AC1C6722F7126F00E7F0F4 /* Resources */,
				4DE6D74BEA4D1774A833B7A1 /* [CP] Embed Pods Frameworks */,
			);
			buildRules = (
			);
			dependencies = (
			);
			name = "HW Malikov";
			productName = "HW Malikov";
			productReference = 55AC1C6922F7126F00E7F0F4 /* HW Malikov.app */;
			productType = "com.apple.product-type.application";
		};
/* End PBXNativeTarget section */

/* Begin PBXProject section */
		55AC1C6122F7126F00E7F0F4 /* Project object */ = {
			isa = PBXProject;
			attributes = {
				LastSwiftUpdateCheck = 1030;
				LastUpgradeCheck = 1030;
				ORGANIZATIONNAME = "Andrey Malikov";
				TargetAttributes = {
					55AC1C6822F7126F00E7F0F4 = {
						CreatedOnToolsVersion = 10.3;
					};
				};
			};
			buildConfigurationList = 55AC1C6422F7126F00E7F0F4 /* Build configuration list for PBXProject "HW Malikov" */;
			compatibilityVersion = "Xcode 9.3";
			developmentRegion = en;
			hasScannedForEncodings = 0;
			knownRegions = (
				en,
				Base,
			);
			mainGroup = 55AC1C6022F7126F00E7F0F4;
			productRefGroup = 55AC1C6A22F7126F00E7F0F4 /* Products */;
			projectDirPath = "";
			projectRoot = "";
			targets = (
				55AC1C6822F7126F00E7F0F4 /* HW Malikov */,
			);
		};
/* End PBXProject section */

/* Begin PBXResourcesBuildPhase section */
		55AC1C6722F7126F00E7F0F4 /* Resources */ = {
			isa = PBXResourcesBuildPhase;
			buildActionMask = 2147483647;
			files = (
				55AC1C7722F7127000E7F0F4 /* LaunchScreen.storyboard in Resources */,
				55AC1C7422F7127000E7F0F4 /* Assets.xcassets in Resources */,
				55CA04172312EC920020E61E /* NewsCell.xib in Resources */,
				55AC1C7222F7126F00E7F0F4 /* Main.storyboard in Resources */,
			);
			runOnlyForDeploymentPostprocessing = 0;
		};
/* End PBXResourcesBuildPhase section */

/* Begin PBXShellScriptBuildPhase section */
		4DE6D74BEA4D1774A833B7A1 /* [CP] Embed Pods Frameworks */ = {
			isa = PBXShellScriptBuildPhase;
			buildActionMask = 2147483647;
			files = (
			);
			inputFileListPaths = (
				"${PODS_ROOT}/Target Support Files/Pods-HW Malikov/Pods-HW Malikov-frameworks-${CONFIGURATION}-input-files.xcfilelist",
			);
			name = "[CP] Embed Pods Frameworks";
			outputFileListPaths = (
				"${PODS_ROOT}/Target Support Files/Pods-HW Malikov/Pods-HW Malikov-frameworks-${CONFIGURATION}-output-files.xcfilelist",
			);
			runOnlyForDeploymentPostprocessing = 0;
			shellPath = /bin/sh;
			shellScript = "\"${PODS_ROOT}/Target Support Files/Pods-HW Malikov/Pods-HW Malikov-frameworks.sh\"\n";
			showEnvVarsInLog = 0;
		};
		A56C1A76E84166B9576BAD2F /* [CP] Check Pods Manifest.lock */ = {
			isa = PBXShellScriptBuildPhase;
			buildActionMask = 2147483647;
			files = (
			);
			inputFileListPaths = (
			);
			inputPaths = (
				"${PODS_PODFILE_DIR_PATH}/Podfile.lock",
				"${PODS_ROOT}/Manifest.lock",
			);
			name = "[CP] Check Pods Manifest.lock";
			outputFileListPaths = (
			);
			outputPaths = (
				"$(DERIVED_FILE_DIR)/Pods-HW Malikov-checkManifestLockResult.txt",
			);
			runOnlyForDeploymentPostprocessing = 0;
			shellPath = /bin/sh;
			shellScript = "diff \"${PODS_PODFILE_DIR_PATH}/Podfile.lock\" \"${PODS_ROOT}/Manifest.lock\" > /dev/null\nif [ $? != 0 ] ; then\n    # print error to STDERR\n    echo \"error: The sandbox is not in sync with the Podfile.lock. Run 'pod install' or update your CocoaPods installation.\" >&2\n    exit 1\nfi\n# This output is used by Xcode 'outputs' to avoid re-running this script phase.\necho \"SUCCESS\" > \"${SCRIPT_OUTPUT_FILE_0}\"\n";
			showEnvVarsInLog = 0;
		};
/* End PBXShellScriptBuildPhase section */

/* Begin PBXSourcesBuildPhase section */
		55AC1C6522F7126F00E7F0F4 /* Sources */ = {
			isa = PBXSourcesBuildPhase;
			buildActionMask = 2147483647;
			files = (
				55D75717230489B2009597B9 /* FriendsCollectionVC.swift in Sources */,
				55D9499023034A5E0044B174 /* FriendsTableVC.swift in Sources */,
				55448B8A2332B053004D995D /* VKLoginViewController.swift in Sources */,
				55AC1C8122F7139700E7F0F4 /* LoginFormViewController.swift in Sources */,
				55448B902336A2BE004D995D /* User2.swift in Sources */,
				55CA041A2312FD1C0020E61E /* News.swift in Sources */,
				551D2B2D23257F3F00A23BE6 /* CustomPopAnimator.swift in Sources */,
				55126FB2230495CF000B2C68 /* Group.swift in Sources */,
				551D2AFD23204AA600A23BE6 /* FriendsCollectionVC+ UICollectionViewDelegateFlowLayout.swift in Sources */,
				55D7571E23048EAF009597B9 /* MyGroupsTableViewCell.swift in Sources */,
				55D7571C23048E53009597B9 /* MyGroupsTableVC.swift in Sources */,
				55CA04132312EA590020E61E /* NewsViewController.swift in Sources */,
				55D757232304906F009597B9 /* GroupsTableViewCell.swift in Sources */,
				551D2B2B23257E8B00A23BE6 /* CustomPushAnimator.swift in Sources */,
				55AC1C6D22F7126F00E7F0F4 /* AppDelegate.swift in Sources */,
				55D7571923048A0B009597B9 /* FriendsCollectionViewCell.swift in Sources */,
				55545113232EB8A80058A382 /* Session.swift in Sources */,
				55CA041C231305330020E61E /* UIViewController+UITableViewDataSource.swift in Sources */,
				55CA04162312EC920020E61E /* NewsCell.swift in Sources */,
				551D2B302325800900A23BE6 /* CustomNavigationController.swift in Sources */,
				55545115232EC8D80058A382 /* HeartControl.swift in Sources */,
				55D9499323034D780044B174 /* FriendsTableViewCell.swift in Sources */,
				55D7572123049019009597B9 /* GroupsTableVC.swift in Sources */,
				55448B8E2332C9CE004D995D /* VKNetService.swift in Sources */,
				55126FB023049597000B2C68 /* User.swift in Sources */,
			);
			runOnlyForDeploymentPostprocessing = 0;
		};
/* End PBXSourcesBuildPhase section */

/* Begin PBXVariantGroup section */
		55AC1C7022F7126F00E7F0F4 /* Main.storyboard */ = {
			isa = PBXVariantGroup;
			children = (
				55AC1C7122F7126F00E7F0F4 /* Base */,
			);
			name = Main.storyboard;
			sourceTree = "<group>";
		};
		55AC1C7522F7127000E7F0F4 /* LaunchScreen.storyboard */ = {
			isa = PBXVariantGroup;
			children = (
				55AC1C7622F7127000E7F0F4 /* Base */,
			);
			name = LaunchScreen.storyboard;
			sourceTree = "<group>";
		};
/* End PBXVariantGroup section */

/* Begin XCBuildConfiguration section */
		55AC1C7922F7127000E7F0F4 /* Debug */ = {
			isa = XCBuildConfiguration;
			buildSettings = {
				ALWAYS_SEARCH_USER_PATHS = NO;
				CLANG_ANALYZER_NONNULL = YES;
				CLANG_ANALYZER_NUMBER_OBJECT_CONVERSION = YES_AGGRESSIVE;
				CLANG_CXX_LANGUAGE_STANDARD = "gnu++14";
				CLANG_CXX_LIBRARY = "libc++";
				CLANG_ENABLE_MODULES = YES;
				CLANG_ENABLE_OBJC_ARC = YES;
				CLANG_ENABLE_OBJC_WEAK = YES;
				CLANG_WARN_BLOCK_CAPTURE_AUTORELEASING = YES;
				CLANG_WARN_BOOL_CONVERSION = YES;
				CLANG_WARN_COMMA = YES;
				CLANG_WARN_CONSTANT_CONVERSION = YES;
				CLANG_WARN_DEPRECATED_OBJC_IMPLEMENTATIONS = YES;
				CLANG_WARN_DIRECT_OBJC_ISA_USAGE = YES_ERROR;
				CLANG_WARN_DOCUMENTATION_COMMENTS = YES;
				CLANG_WARN_EMPTY_BODY = YES;
				CLANG_WARN_ENUM_CONVERSION = YES;
				CLANG_WARN_INFINITE_RECURSION = YES;
				CLANG_WARN_INT_CONVERSION = YES;
				CLANG_WARN_NON_LITERAL_NULL_CONVERSION = YES;
				CLANG_WARN_OBJC_IMPLICIT_RETAIN_SELF = YES;
				CLANG_WARN_OBJC_LITERAL_CONVERSION = YES;
				CLANG_WARN_OBJC_ROOT_CLASS = YES_ERROR;
				CLANG_WARN_RANGE_LOOP_ANALYSIS = YES;
				CLANG_WARN_STRICT_PROTOTYPES = YES;
				CLANG_WARN_SUSPICIOUS_MOVE = YES;
				CLANG_WARN_UNGUARDED_AVAILABILITY = YES_AGGRESSIVE;
				CLANG_WARN_UNREACHABLE_CODE = YES;
				CLANG_WARN__DUPLICATE_METHOD_MATCH = YES;
				CODE_SIGN_IDENTITY = "iPhone Developer";
				COPY_PHASE_STRIP = NO;
				DEBUG_INFORMATION_FORMAT = dwarf;
				ENABLE_STRICT_OBJC_MSGSEND = YES;
				ENABLE_TESTABILITY = YES;
				GCC_C_LANGUAGE_STANDARD = gnu11;
				GCC_DYNAMIC_NO_PIC = NO;
				GCC_NO_COMMON_BLOCKS = YES;
				GCC_OPTIMIZATION_LEVEL = 0;
				GCC_PREPROCESSOR_DEFINITIONS = (
					"DEBUG=1",
					"$(inherited)",
				);
				GCC_WARN_64_TO_32_BIT_CONVERSION = YES;
				GCC_WARN_ABOUT_RETURN_TYPE = YES_ERROR;
				GCC_WARN_UNDECLARED_SELECTOR = YES;
				GCC_WARN_UNINITIALIZED_AUTOS = YES_AGGRESSIVE;
				GCC_WARN_UNUSED_FUNCTION = YES;
				GCC_WARN_UNUSED_VARIABLE = YES;
				IPHONEOS_DEPLOYMENT_TARGET = 12.4;
				MTL_ENABLE_DEBUG_INFO = INCLUDE_SOURCE;
				MTL_FAST_MATH = YES;
				ONLY_ACTIVE_ARCH = YES;
				SDKROOT = iphoneos;
				SWIFT_ACTIVE_COMPILATION_CONDITIONS = DEBUG;
				SWIFT_OPTIMIZATION_LEVEL = "-Onone";
			};
			name = Debug;
		};
		55AC1C7A22F7127000E7F0F4 /* Release */ = {
			isa = XCBuildConfiguration;
			buildSettings = {
				ALWAYS_SEARCH_USER_PATHS = NO;
				CLANG_ANALYZER_NONNULL = YES;
				CLANG_ANALYZER_NUMBER_OBJECT_CONVERSION = YES_AGGRESSIVE;
				CLANG_CXX_LANGUAGE_STANDARD = "gnu++14";
				CLANG_CXX_LIBRARY = "libc++";
				CLANG_ENABLE_MODULES = YES;
				CLANG_ENABLE_OBJC_ARC = YES;
				CLANG_ENABLE_OBJC_WEAK = YES;
				CLANG_WARN_BLOCK_CAPTURE_AUTORELEASING = YES;
				CLANG_WARN_BOOL_CONVERSION = YES;
				CLANG_WARN_COMMA = YES;
				CLANG_WARN_CONSTANT_CONVERSION = YES;
				CLANG_WARN_DEPRECATED_OBJC_IMPLEMENTATIONS = YES;
				CLANG_WARN_DIRECT_OBJC_ISA_USAGE = YES_ERROR;
				CLANG_WARN_DOCUMENTATION_COMMENTS = YES;
				CLANG_WARN_EMPTY_BODY = YES;
				CLANG_WARN_ENUM_CONVERSION = YES;
				CLANG_WARN_INFINITE_RECURSION = YES;
				CLANG_WARN_INT_CONVERSION = YES;
				CLANG_WARN_NON_LITERAL_NULL_CONVERSION = YES;
				CLANG_WARN_OBJC_IMPLICIT_RETAIN_SELF = YES;
				CLANG_WARN_OBJC_LITERAL_CONVERSION = YES;
				CLANG_WARN_OBJC_ROOT_CLASS = YES_ERROR;
				CLANG_WARN_RANGE_LOOP_ANALYSIS = YES;
				CLANG_WARN_STRICT_PROTOTYPES = YES;
				CLANG_WARN_SUSPICIOUS_MOVE = YES;
				CLANG_WARN_UNGUARDED_AVAILABILITY = YES_AGGRESSIVE;
				CLANG_WARN_UNREACHABLE_CODE = YES;
				CLANG_WARN__DUPLICATE_METHOD_MATCH = YES;
				CODE_SIGN_IDENTITY = "iPhone Developer";
				COPY_PHASE_STRIP = NO;
				DEBUG_INFORMATION_FORMAT = "dwarf-with-dsym";
				ENABLE_NS_ASSERTIONS = NO;
				ENABLE_STRICT_OBJC_MSGSEND = YES;
				GCC_C_LANGUAGE_STANDARD = gnu11;
				GCC_NO_COMMON_BLOCKS = YES;
				GCC_WARN_64_TO_32_BIT_CONVERSION = YES;
				GCC_WARN_ABOUT_RETURN_TYPE = YES_ERROR;
				GCC_WARN_UNDECLARED_SELECTOR = YES;
				GCC_WARN_UNINITIALIZED_AUTOS = YES_AGGRESSIVE;
				GCC_WARN_UNUSED_FUNCTION = YES;
				GCC_WARN_UNUSED_VARIABLE = YES;
				IPHONEOS_DEPLOYMENT_TARGET = 12.4;
				MTL_ENABLE_DEBUG_INFO = NO;
				MTL_FAST_MATH = YES;
				SDKROOT = iphoneos;
				SWIFT_COMPILATION_MODE = wholemodule;
				SWIFT_OPTIMIZATION_LEVEL = "-O";
				VALIDATE_PRODUCT = YES;
			};
			name = Release;
		};
		55AC1C7C22F7127000E7F0F4 /* Debug */ = {
			isa = XCBuildConfiguration;
			baseConfigurationReference = C1BD443DC3474D02FAB6196C /* Pods-HW Malikov.debug.xcconfig */;
			buildSettings = {
				ASSETCATALOG_COMPILER_APPICON_NAME = AppIcon;
				CODE_SIGN_IDENTITY = "iPhone Developer";
				CODE_SIGN_STYLE = Automatic;
				DEVELOPMENT_TEAM = 4ASWPM5FGH;
				INFOPLIST_FILE = "HW Malikov/Info.plist";
				LD_RUNPATH_SEARCH_PATHS = (
					"$(inherited)",
					"@executable_path/Frameworks",
				);
				PRODUCT_BUNDLE_IDENTIFIER = "Andrey-Malikov.HW-Malikov";
				PRODUCT_NAME = "$(TARGET_NAME)";
				PROVISIONING_PROFILE_SPECIFIER = "";
				SWIFT_VERSION = 5.0;
				TARGETED_DEVICE_FAMILY = "1,2";
			};
			name = Debug;
		};
		55AC1C7D22F7127000E7F0F4 /* Release */ = {
			isa = XCBuildConfiguration;
			baseConfigurationReference = 62EB713948BA79E62783A276 /* Pods-HW Malikov.release.xcconfig */;
			buildSettings = {
				ASSETCATALOG_COMPILER_APPICON_NAME = AppIcon;
				CODE_SIGN_IDENTITY = "iPhone Developer";
				CODE_SIGN_STYLE = Automatic;
				DEVELOPMENT_TEAM = 4ASWPM5FGH;
				INFOPLIST_FILE = "HW Malikov/Info.plist";
				LD_RUNPATH_SEARCH_PATHS = (
					"$(inherited)",
					"@executable_path/Frameworks",
				);
				PRODUCT_BUNDLE_IDENTIFIER = "Andrey-Malikov.HW-Malikov";
				PRODUCT_NAME = "$(TARGET_NAME)";
				PROVISIONING_PROFILE_SPECIFIER = "";
				SWIFT_VERSION = 5.0;
				TARGETED_DEVICE_FAMILY = "1,2";
			};
			name = Release;
		};
/* End XCBuildConfiguration section */

/* Begin XCConfigurationList section */
		55AC1C6422F7126F00E7F0F4 /* Build configuration list for PBXProject "HW Malikov" */ = {
			isa = XCConfigurationList;
			buildConfigurations = (
				55AC1C7922F7127000E7F0F4 /* Debug */,
				55AC1C7A22F7127000E7F0F4 /* Release */,
			);
			defaultConfigurationIsVisible = 0;
			defaultConfigurationName = Release;
		};
		55AC1C7B22F7127000E7F0F4 /* Build configuration list for PBXNativeTarget "HW Malikov" */ = {
			isa = XCConfigurationList;
			buildConfigurations = (
				55AC1C7C22F7127000E7F0F4 /* Debug */,
				55AC1C7D22F7127000E7F0F4 /* Release */,
			);
			defaultConfigurationIsVisible = 0;
			defaultConfigurationName = Release;
		};
/* End XCConfigurationList section */
	};
	rootObject = 55AC1C6122F7126F00E7F0F4 /* Project object */;
}
